
Microsoft Visual Studio Solution File, Format Version 12.00
# Visual Studio Version 17
VisualStudioVersion = 17.9.34728.123
MinimumVisualStudioVersion = 10.0.40219.1
Project("{FAE04EC0-301F-11D3-BF4B-00C04F79EFBC}") = "LoginApp", "LoginApp.csproj", "{97C18B66-DE0C-48B5-BE0B-ED1BDA8D9318}"
EndProject
Global
	GlobalSection(SolutionConfigurationPlatforms) = preSolution
		Debug|Any CPU = Debug|Any CPU
		Release|Any CPU = Release|Any CPU
	EndGlobalSection
	GlobalSection(ProjectConfigurationPlatforms) = postSolution
		{97C18B66-DE0C-48B5-BE0B-ED1BDA8D9318}.Debug|Any CPU.ActiveCfg = Debug|Any CPU
		{97C18B66-DE0C-48B5-BE0B-ED1BDA8D9318}.Debug|Any CPU.Build.0 = Debug|Any CPU
		{97C18B66-DE0C-48B5-BE0B-ED1BDA8D9318}.Release|Any CPU.ActiveCfg = Release|Any CPU
		{97C18B66-DE0C-48B5-BE0B-ED1BDA8D9318}.Release|Any CPU.Build.0 = Release|Any CPU
	EndGlobalSection
	GlobalSection(SolutionProperties) = preSolution
		HideSolutionNode = FALSE
	EndGlobalSection
	GlobalSection(ExtensibilityGlobals) = postSolution
		SolutionGuid = {7186A817-5F20-4665-B5A2-5D591950815E}
	EndGlobalSection
EndGlobal
